
Microsoft Visual Studio Solution File, Format Version 12.00
# Visual Studio Version 17
VisualStudioVersion = 17.0.31903.59
MinimumVisualStudioVersion = 10.0.40219.1
Project("{2150E333-8FDC-42A3-9474-1A3956D46DE8}") = "backend", "backend", "{1AE8ACA6-933B-BF2A-3671-3E2EAC007D16}"
EndProject
Project("{FAE04EC0-301F-11D3-BF4B-00C04F79EFBC}") = "AuthService", "backend\AuthService\AuthService.csproj", "{9B3FC86F-600E-445B-967B-BB4B3AAF60CC}"
EndProject
Project("{FAE04EC0-301F-11D3-BF4B-00C04F79EFBC}") = "MovieService", "backend\MovieService\MovieService.csproj", "{C5987FB6-1D6E-48CC-8437-163254964FDF}"
EndProject
Project("{FAE04EC0-301F-11D3-BF4B-00C04F79EFBC}") = "ReviewService", "backend\ReviewService\ReviewService.csproj", "{9E9175BA-F54C-4F73-94E1-572DDE6A54B0}"
EndProject
Project("{FAE04EC0-301F-11D3-BF4B-00C04F79EFBC}") = "RatingService", "backend\RatingService\RatingService.csproj", "{573A005D-25AD-4AC7-9708-90C054956976}"
EndProject
Project("{FAE04EC0-301F-11D3-BF4B-00C04F79EFBC}") = "AIService", "backend\AIService\AIService.csproj", "{1F010559-E3E7-4EAF-81F8-C4612BADD2E0}"
EndProject
Global
	GlobalSection(SolutionConfigurationPlatforms) = preSolution
		Debug|Any CPU = Debug|Any CPU
		Debug|x64 = Debug|x64
		Debug|x86 = Debug|x86
		Release|Any CPU = Release|Any CPU
		Release|x64 = Release|x64
		Release|x86 = Release|x86
	EndGlobalSection
	GlobalSection(ProjectConfigurationPlatforms) = postSolution
		{9B3FC86F-600E-445B-967B-BB4B3AAF60CC}.Debug|Any CPU.ActiveCfg = Debug|Any CPU
		{9B3FC86F-600E-445B-967B-BB4B3AAF60CC}.Debug|Any CPU.Build.0 = Debug|Any CPU
		{9B3FC86F-600E-445B-967B-BB4B3AAF60CC}.Debug|x64.ActiveCfg = Debug|Any CPU
		{9B3FC86F-600E-445B-967B-BB4B3AAF60CC}.Debug|x64.Build.0 = Debug|Any CPU
		{9B3FC86F-600E-445B-967B-BB4B3AAF60CC}.Debug|x86.ActiveCfg = Debug|Any CPU
		{9B3FC86F-600E-445B-967B-BB4B3AAF60CC}.Debug|x86.Build.0 = Debug|Any CPU
		{9B3FC86F-600E-445B-967B-BB4B3AAF60CC}.Release|Any CPU.ActiveCfg = Release|Any CPU
		{9B3FC86F-600E-445B-967B-BB4B3AAF60CC}.Release|Any CPU.Build.0 = Release|Any CPU
		{9B3FC86F-600E-445B-967B-BB4B3AAF60CC}.Release|x64.ActiveCfg = Release|Any CPU
		{9B3FC86F-600E-445B-967B-BB4B3AAF60CC}.Release|x64.Build.0 = Release|Any CPU
		{9B3FC86F-600E-445B-967B-BB4B3AAF60CC}.Release|x86.ActiveCfg = Release|Any CPU
		{9B3FC86F-600E-445B-967B-BB4B3AAF60CC}.Release|x86.Build.0 = Release|Any CPU
		{C5987FB6-1D6E-48CC-8437-163254964FDF}.Debug|Any CPU.ActiveCfg = Debug|Any CPU
		{C5987FB6-1D6E-48CC-8437-163254964FDF}.Debug|Any CPU.Build.0 = Debug|Any CPU
		{C5987FB6-1D6E-48CC-8437-163254964FDF}.Debug|x64.ActiveCfg = Debug|Any CPU
		{C5987FB6-1D6E-48CC-8437-163254964FDF}.Debug|x64.Build.0 = Debug|Any CPU
		{C5987FB6-1D6E-48CC-8437-163254964FDF}.Debug|x86.ActiveCfg = Debug|Any CPU
		{C5987FB6-1D6E-48CC-8437-163254964FDF}.Debug|x86.Build.0 = Debug|Any CPU
		{C5987FB6-1D6E-48CC-8437-163254964FDF}.Release|Any CPU.ActiveCfg = Release|Any CPU
		{C5987FB6-1D6E-48CC-8437-163254964FDF}.Release|Any CPU.Build.0 = Release|Any CPU
		{C5987FB6-1D6E-48CC-8437-163254964FDF}.Release|x64.ActiveCfg = Release|Any CPU
		{C5987FB6-1D6E-48CC-8437-163254964FDF}.Release|x64.Build.0 = Release|Any CPU
		{C5987FB6-1D6E-48CC-8437-163254964FDF}.Release|x86.ActiveCfg = Release|Any CPU
		{C5987FB6-1D6E-48CC-8437-163254964FDF}.Release|x86.Build.0 = Release|Any CPU
		{9E9175BA-F54C-4F73-94E1-572DDE6A54B0}.Debug|Any CPU.ActiveCfg = Debug|Any CPU
		{9E9175BA-F54C-4F73-94E1-572DDE6A54B0}.Debug|Any CPU.Build.0 = Debug|Any CPU
		{9E9175BA-F54C-4F73-94E1-572DDE6A54B0}.Debug|x64.ActiveCfg = Debug|Any CPU
		{9E9175BA-F54C-4F73-94E1-572DDE6A54B0}.Debug|x64.Build.0 = Debug|Any CPU
		{9E9175BA-F54C-4F73-94E1-572DDE6A54B0}.Debug|x86.ActiveCfg = Debug|Any CPU
		{9E9175BA-F54C-4F73-94E1-572DDE6A54B0}.Debug|x86.Build.0 = Debug|Any CPU
		{9E9175BA-F54C-4F73-94E1-572DDE6A54B0}.Release|Any CPU.ActiveCfg = Release|Any CPU
		{9E9175BA-F54C-4F73-94E1-572DDE6A54B0}.Release|Any CPU.Build.0 = Release|Any CPU
		{9E9175BA-F54C-4F73-94E1-572DDE6A54B0}.Release|x64.ActiveCfg = Release|Any CPU
		{9E9175BA-F54C-4F73-94E1-572DDE6A54B0}.Release|x64.Build.0 = Release|Any CPU
		{9E9175BA-F54C-4F73-94E1-572DDE6A54B0}.Release|x86.ActiveCfg = Release|Any CPU
		{9E9175BA-F54C-4F73-94E1-572DDE6A54B0}.Release|x86.Build.0 = Release|Any CPU
		{573A005D-25AD-4AC7-9708-90C054956976}.Debug|Any CPU.ActiveCfg = Debug|Any CPU
		{573A005D-25AD-4AC7-9708-90C054956976}.Debug|Any CPU.Build.0 = Debug|Any CPU
		{573A005D-25AD-4AC7-9708-90C054956976}.Debug|x64.ActiveCfg = Debug|Any CPU
		{573A005D-25AD-4AC7-9708-90C054956976}.Debug|x64.Build.0 = Debug|Any CPU
		{573A005D-25AD-4AC7-9708-90C054956976}.Debug|x86.ActiveCfg = Debug|Any CPU
		{573A005D-25AD-4AC7-9708-90C054956976}.Debug|x86.Build.0 = Debug|Any CPU
		{573A005D-25AD-4AC7-9708-90C054956976}.Release|Any CPU.ActiveCfg = Release|Any CPU
		{573A005D-25AD-4AC7-9708-90C054956976}.Release|Any CPU.Build.0 = Release|Any CPU
		{573A005D-25AD-4AC7-9708-90C054956976}.Release|x64.ActiveCfg = Release|Any CPU
		{573A005D-25AD-4AC7-9708-90C054956976}.Release|x64.Build.0 = Release|Any CPU
		{573A005D-25AD-4AC7-9708-90C054956976}.Release|x86.ActiveCfg = Release|Any CPU
		{573A005D-25AD-4AC7-9708-90C054956976}.Release|x86.Build.0 = Release|Any CPU
		{1F010559-E3E7-4EAF-81F8-C4612BADD2E0}.Debug|Any CPU.ActiveCfg = Debug|Any CPU
		{1F010559-E3E7-4EAF-81F8-C4612BADD2E0}.Debug|Any CPU.Build.0 = Debug|Any CPU
		{1F010559-E3E7-4EAF-81F8-C4612BADD2E0}.Debug|x64.ActiveCfg = Debug|Any CPU
		{1F010559-E3E7-4EAF-81F8-C4612BADD2E0}.Debug|x64.Build.0 = Debug|Any CPU
		{1F010559-E3E7-4EAF-81F8-C4612BADD2E0}.Debug|x86.ActiveCfg = Debug|Any CPU
		{1F010559-E3E7-4EAF-81F8-C4612BADD2E0}.Debug|x86.Build.0 = Debug|Any CPU
		{1F010559-E3E7-4EAF-81F8-C4612BADD2E0}.Release|Any CPU.ActiveCfg = Release|Any CPU
		{1F010559-E3E7-4EAF-81F8-C4612BADD2E0}.Release|Any CPU.Build.0 = Release|Any CPU
		{1F010559-E3E7-4EAF-81F8-C4612BADD2E0}.Release|x64.ActiveCfg = Release|Any CPU
		{1F010559-E3E7-4EAF-81F8-C4612BADD2E0}.Release|x64.Build.0 = Release|Any CPU
		{1F010559-E3E7-4EAF-81F8-C4612BADD2E0}.Release|x86.ActiveCfg = Release|Any CPU
		{1F010559-E3E7-4EAF-81F8-C4612BADD2E0}.Release|x86.Build.0 = Release|Any CPU
	EndGlobalSection
	GlobalSection(SolutionProperties) = preSolution
		HideSolutionNode = FALSE
	EndGlobalSection
	GlobalSection(NestedProjects) = preSolution
		{9B3FC86F-600E-445B-967B-BB4B3AAF60CC} = {1AE8ACA6-933B-BF2A-3671-3E2EAC007D16}
		{C5987FB6-1D6E-48CC-8437-163254964FDF} = {1AE8ACA6-933B-BF2A-3671-3E2EAC007D16}
		{9E9175BA-F54C-4F73-94E1-572DDE6A54B0} = {1AE8ACA6-933B-BF2A-3671-3E2EAC007D16}
		{573A005D-25AD-4AC7-9708-90C054956976} = {1AE8ACA6-933B-BF2A-3671-3E2EAC007D16}
		{1F010559-E3E7-4EAF-81F8-C4612BADD2E0} = {1AE8ACA6-933B-BF2A-3671-3E2EAC007D16}
	EndGlobalSection
EndGlobal
